
Microsoft Visual Studio Solution File, Format Version 12.00
# Visual Studio Version 16
VisualStudioVersion = 16.0.30225.117
MinimumVisualStudioVersion = 10.0.40219.1
Project("{9A19103F-16F7-4668-BE54-9A1E7A4F7556}") = "MyGraphqlBackend", "MyGraphqlBackend\MyGraphqlBackend.csproj", "{AF070157-3E58-4461-8E25-C1C7C552C70D}"
EndProject
Project("{9A19103F-16F7-4668-BE54-9A1E7A4F7556}") = "MyGraphqlDomain", "MyGraphqlDomain\MyGraphqlDomain.csproj", "{6DC8F262-4882-4BD5-8716-EB8A3CC17A6C}"
EndProject
Project("{FAE04EC0-301F-11D3-BF4B-00C04F79EFBC}") = "MyGraphqlXunitTests", "MyGraphqlXunitTests\MyGraphqlXunitTests.csproj", "{970AB090-AEED-4FA2-8C7C-D70B3BA3A7E8}"
EndProject
Global
	GlobalSection(SolutionConfigurationPlatforms) = preSolution
		Debug|Any CPU = Debug|Any CPU
		Release|Any CPU = Release|Any CPU
	EndGlobalSection
	GlobalSection(ProjectConfigurationPlatforms) = postSolution
		{AF070157-3E58-4461-8E25-C1C7C552C70D}.Debug|Any CPU.ActiveCfg = Debug|Any CPU
		{AF070157-3E58-4461-8E25-C1C7C552C70D}.Debug|Any CPU.Build.0 = Debug|Any CPU
		{AF070157-3E58-4461-8E25-C1C7C552C70D}.Release|Any CPU.ActiveCfg = Release|Any CPU
		{AF070157-3E58-4461-8E25-C1C7C552C70D}.Release|Any CPU.Build.0 = Release|Any CPU
		{6DC8F262-4882-4BD5-8716-EB8A3CC17A6C}.Debug|Any CPU.ActiveCfg = Debug|Any CPU
		{6DC8F262-4882-4BD5-8716-EB8A3CC17A6C}.Debug|Any CPU.Build.0 = Debug|Any CPU
		{6DC8F262-4882-4BD5-8716-EB8A3CC17A6C}.Release|Any CPU.ActiveCfg = Release|Any CPU
		{6DC8F262-4882-4BD5-8716-EB8A3CC17A6C}.Release|Any CPU.Build.0 = Release|Any CPU
		{970AB090-AEED-4FA2-8C7C-D70B3BA3A7E8}.Debug|Any CPU.ActiveCfg = Debug|Any CPU
		{970AB090-AEED-4FA2-8C7C-D70B3BA3A7E8}.Debug|Any CPU.Build.0 = Debug|Any CPU
		{970AB090-AEED-4FA2-8C7C-D70B3BA3A7E8}.Release|Any CPU.ActiveCfg = Release|Any CPU
		{970AB090-AEED-4FA2-8C7C-D70B3BA3A7E8}.Release|Any CPU.Build.0 = Release|Any CPU
	EndGlobalSection
	GlobalSection(SolutionProperties) = preSolution
		HideSolutionNode = FALSE
	EndGlobalSection
	GlobalSection(ExtensibilityGlobals) = postSolution
		SolutionGuid = {3C8C9063-B741-4E11-AD31-133E71481EE3}
	EndGlobalSection
EndGlobal
